
Microsoft Visual Studio Solution File, Format Version 12.00
# Visual Studio 15
VisualStudioVersion = 15.0.28307.572
MinimumVisualStudioVersion = 10.0.40219.1
Project("{9A19103F-16F7-4668-BE54-9A1E7A4F7556}") = "SharpGoldSrc", "SharpGoldSrc\SharpGoldSrc.csproj", "{A5C8F0FE-B6F7-4C9F-9F99-0EF1B48B16F7}"
EndProject
Project("{FAE04EC0-301F-11D3-BF4B-00C04F79EFBC}") = "SharpGoldSrc.Test", "Test\SharpGoldSrc.Test\SharpGoldSrc.Test.csproj", "{08660310-FD24-46AF-A460-92ED968A1B08}"
EndProject
Project("{2150E333-8FDC-42A3-9474-1A3956D46DE8}") = "Test", "Test", "{5490FB5D-AD2D-4394-9F3C-B2495AF8444D}"
EndProject
Global
	GlobalSection(SolutionConfigurationPlatforms) = preSolution
		Debug|Any CPU = Debug|Any CPU
		Release|Any CPU = Release|Any CPU
	EndGlobalSection
	GlobalSection(ProjectConfigurationPlatforms) = postSolution
		{A5C8F0FE-B6F7-4C9F-9F99-0EF1B48B16F7}.Debug|Any CPU.ActiveCfg = Debug|Any CPU
		{A5C8F0FE-B6F7-4C9F-9F99-0EF1B48B16F7}.Debug|Any CPU.Build.0 = Debug|Any CPU
		{A5C8F0FE-B6F7-4C9F-9F99-0EF1B48B16F7}.Release|Any CPU.ActiveCfg = Release|Any CPU
		{A5C8F0FE-B6F7-4C9F-9F99-0EF1B48B16F7}.Release|Any CPU.Build.0 = Release|Any CPU
		{08660310-FD24-46AF-A460-92ED968A1B08}.Debug|Any CPU.ActiveCfg = Debug|Any CPU
		{08660310-FD24-46AF-A460-92ED968A1B08}.Debug|Any CPU.Build.0 = Debug|Any CPU
		{08660310-FD24-46AF-A460-92ED968A1B08}.Release|Any CPU.ActiveCfg = Release|Any CPU
		{08660310-FD24-46AF-A460-92ED968A1B08}.Release|Any CPU.Build.0 = Release|Any CPU
	EndGlobalSection
	GlobalSection(SolutionProperties) = preSolution
		HideSolutionNode = FALSE
	EndGlobalSection
	GlobalSection(NestedProjects) = preSolution
		{08660310-FD24-46AF-A460-92ED968A1B08} = {5490FB5D-AD2D-4394-9F3C-B2495AF8444D}
	EndGlobalSection
	GlobalSection(ExtensibilityGlobals) = postSolution
		SolutionGuid = {B8A3D16B-3133-4B07-9BF3-75709F345D52}
	EndGlobalSection
EndGlobal
