
Microsoft Visual Studio Solution File, Format Version 12.00
# Visual Studio 14
VisualStudioVersion = 14.0.25123.0
MinimumVisualStudioVersion = 10.0.40219.1
Project("{FAE04EC0-301F-11D3-BF4B-00C04F79EFBC}") = "SharpGoldSrc", "SharpGoldSrc\SharpGoldSrc.csproj", "{A5C8F0FE-B6F7-4C9F-9F99-0EF1B48B16F7}"
EndProject
Project("{2150E333-8FDC-42A3-9474-1A3956D46DE8}") = "Tests", "Tests", "{107EB1CF-DA45-422F-AF27-AB650D250C95}"
EndProject
Project("{FAE04EC0-301F-11D3-BF4B-00C04F79EFBC}") = "SharpGoldSrc.Tests", "SharpGoldSrc.Tests\SharpGoldSrc.Tests.csproj", "{7A41B7B5-5E44-48CC-B300-3BC38603587B}"
EndProject
Global
	GlobalSection(SolutionConfigurationPlatforms) = preSolution
		Debug|Any CPU = Debug|Any CPU
		Release|Any CPU = Release|Any CPU
	EndGlobalSection
	GlobalSection(ProjectConfigurationPlatforms) = postSolution
		{A5C8F0FE-B6F7-4C9F-9F99-0EF1B48B16F7}.Debug|Any CPU.ActiveCfg = Debug|Any CPU
		{A5C8F0FE-B6F7-4C9F-9F99-0EF1B48B16F7}.Debug|Any CPU.Build.0 = Debug|Any CPU
		{A5C8F0FE-B6F7-4C9F-9F99-0EF1B48B16F7}.Release|Any CPU.ActiveCfg = Release|Any CPU
		{A5C8F0FE-B6F7-4C9F-9F99-0EF1B48B16F7}.Release|Any CPU.Build.0 = Release|Any CPU
		{7A41B7B5-5E44-48CC-B300-3BC38603587B}.Debug|Any CPU.ActiveCfg = Debug|Any CPU
		{7A41B7B5-5E44-48CC-B300-3BC38603587B}.Debug|Any CPU.Build.0 = Debug|Any CPU
		{7A41B7B5-5E44-48CC-B300-3BC38603587B}.Release|Any CPU.ActiveCfg = Release|Any CPU
		{7A41B7B5-5E44-48CC-B300-3BC38603587B}.Release|Any CPU.Build.0 = Release|Any CPU
	EndGlobalSection
	GlobalSection(SolutionProperties) = preSolution
		HideSolutionNode = FALSE
	EndGlobalSection
	GlobalSection(NestedProjects) = preSolution
		{7A41B7B5-5E44-48CC-B300-3BC38603587B} = {107EB1CF-DA45-422F-AF27-AB650D250C95}
	EndGlobalSection
EndGlobal
